
Microsoft Visual Studio Solution File, Format Version 12.00
# Visual Studio Version 16
VisualStudioVersion = 16.0.32228.343
MinimumVisualStudioVersion = 10.0.40219.1
Project("{FAE04EC0-301F-11D3-BF4B-00C04F79EFBC}") = "WinFormsApp3", "WinFormsApp3.csproj", "{9705960C-24C7-4A08-A35C-5168F10A8A03}"
EndProject
Global
	GlobalSection(SolutionConfigurationPlatforms) = preSolution
		Debug|Any CPU = Debug|Any CPU
		Release|Any CPU = Release|Any CPU
	EndGlobalSection
	GlobalSection(ProjectConfigurationPlatforms) = postSolution
		{9705960C-24C7-4A08-A35C-5168F10A8A03}.Debug|Any CPU.ActiveCfg = Debug|Any CPU
		{9705960C-24C7-4A08-A35C-5168F10A8A03}.Debug|Any CPU.Build.0 = Debug|Any CPU
		{9705960C-24C7-4A08-A35C-5168F10A8A03}.Release|Any CPU.ActiveCfg = Release|Any CPU
		{9705960C-24C7-4A08-A35C-5168F10A8A03}.Release|Any CPU.Build.0 = Release|Any CPU
	EndGlobalSection
	GlobalSection(SolutionProperties) = preSolution
		HideSolutionNode = FALSE
	EndGlobalSection
	GlobalSection(ExtensibilityGlobals) = postSolution
		SolutionGuid = {29297772-DB8B-41B4-B16A-7785645695AD}
	EndGlobalSection
EndGlobal
